
Microsoft Visual Studio Solution File, Format Version 12.00
# Visual Studio Version 17
VisualStudioVersion = 17.4.33213.308
MinimumVisualStudioVersion = 10.0.40219.1
Project("{FAE04EC0-301F-11D3-BF4B-00C04F79EFBC}") = "Soma_e_Media1", "Soma_e_Media1\Soma_e_Media1.csproj", "{227F099A-314F-4D34-B68E-1DB2D20B7A16}"
EndProject
Global
	GlobalSection(SolutionConfigurationPlatforms) = preSolution
		Debug|Any CPU = Debug|Any CPU
		Release|Any CPU = Release|Any CPU
	EndGlobalSection
	GlobalSection(ProjectConfigurationPlatforms) = postSolution
		{227F099A-314F-4D34-B68E-1DB2D20B7A16}.Debug|Any CPU.ActiveCfg = Debug|Any CPU
		{227F099A-314F-4D34-B68E-1DB2D20B7A16}.Debug|Any CPU.Build.0 = Debug|Any CPU
		{227F099A-314F-4D34-B68E-1DB2D20B7A16}.Release|Any CPU.ActiveCfg = Release|Any CPU
		{227F099A-314F-4D34-B68E-1DB2D20B7A16}.Release|Any CPU.Build.0 = Release|Any CPU
	EndGlobalSection
	GlobalSection(SolutionProperties) = preSolution
		HideSolutionNode = FALSE
	EndGlobalSection
	GlobalSection(ExtensibilityGlobals) = postSolution
		SolutionGuid = {5585508E-E793-4060-A68E-D46560024AEC}
	EndGlobalSection
EndGlobal
