
Microsoft Visual Studio Solution File, Format Version 12.00
# Visual Studio Version 17
VisualStudioVersion = 17.4.33213.308
MinimumVisualStudioVersion = 10.0.40219.1
Project("{FAE04EC0-301F-11D3-BF4B-00C04F79EFBC}") = "calculadora", "calculadora\calculadora.csproj", "{309297CC-1C51-4AC2-8E95-E8F723BC32E1}"
EndProject
Global
	GlobalSection(SolutionConfigurationPlatforms) = preSolution
		Debug|Any CPU = Debug|Any CPU
		Release|Any CPU = Release|Any CPU
	EndGlobalSection
	GlobalSection(ProjectConfigurationPlatforms) = postSolution
		{309297CC-1C51-4AC2-8E95-E8F723BC32E1}.Debug|Any CPU.ActiveCfg = Debug|Any CPU
		{309297CC-1C51-4AC2-8E95-E8F723BC32E1}.Debug|Any CPU.Build.0 = Debug|Any CPU
		{309297CC-1C51-4AC2-8E95-E8F723BC32E1}.Release|Any CPU.ActiveCfg = Release|Any CPU
		{309297CC-1C51-4AC2-8E95-E8F723BC32E1}.Release|Any CPU.Build.0 = Release|Any CPU
	EndGlobalSection
	GlobalSection(SolutionProperties) = preSolution
		HideSolutionNode = FALSE
	EndGlobalSection
	GlobalSection(ExtensibilityGlobals) = postSolution
		SolutionGuid = {33C153B9-CA54-4C8B-ABF9-C3B98389F9B2}
	EndGlobalSection
EndGlobal
